
Microsoft Visual Studio Solution File, Format Version 12.00
# Visual Studio Version 16
VisualStudioVersion = 16.0.32802.440
MinimumVisualStudioVersion = 10.0.40219.1
Project("{FAE04EC0-301F-11D3-BF4B-00C04F79EFBC}") = "WebAppThreeLayer", "WebAppThreeLayer\WebAppThreeLayer.csproj", "{0A576C74-F58E-4074-8943-D5BEE39A0C7E}"
EndProject
Project("{FAE04EC0-301F-11D3-BF4B-00C04F79EFBC}") = "BLL", "BLL\BLL.csproj", "{B0BC7E35-5C3F-42A1-8EA9-1F330D4CD0E7}"
EndProject
Project("{FAE04EC0-301F-11D3-BF4B-00C04F79EFBC}") = "DAL", "DAL\DAL.csproj", "{CAFEA596-CEB4-4CDF-93D8-C7A604808326}"
EndProject
Global
	GlobalSection(SolutionConfigurationPlatforms) = preSolution
		Debug|Any CPU = Debug|Any CPU
		Release|Any CPU = Release|Any CPU
	EndGlobalSection
	GlobalSection(ProjectConfigurationPlatforms) = postSolution
		{0A576C74-F58E-4074-8943-D5BEE39A0C7E}.Debug|Any CPU.ActiveCfg = Debug|Any CPU
		{0A576C74-F58E-4074-8943-D5BEE39A0C7E}.Debug|Any CPU.Build.0 = Debug|Any CPU
		{0A576C74-F58E-4074-8943-D5BEE39A0C7E}.Release|Any CPU.ActiveCfg = Release|Any CPU
		{0A576C74-F58E-4074-8943-D5BEE39A0C7E}.Release|Any CPU.Build.0 = Release|Any CPU
		{B0BC7E35-5C3F-42A1-8EA9-1F330D4CD0E7}.Debug|Any CPU.ActiveCfg = Debug|Any CPU
		{B0BC7E35-5C3F-42A1-8EA9-1F330D4CD0E7}.Debug|Any CPU.Build.0 = Debug|Any CPU
		{B0BC7E35-5C3F-42A1-8EA9-1F330D4CD0E7}.Release|Any CPU.ActiveCfg = Release|Any CPU
		{B0BC7E35-5C3F-42A1-8EA9-1F330D4CD0E7}.Release|Any CPU.Build.0 = Release|Any CPU
		{CAFEA596-CEB4-4CDF-93D8-C7A604808326}.Debug|Any CPU.ActiveCfg = Debug|Any CPU
		{CAFEA596-CEB4-4CDF-93D8-C7A604808326}.Debug|Any CPU.Build.0 = Debug|Any CPU
		{CAFEA596-CEB4-4CDF-93D8-C7A604808326}.Release|Any CPU.ActiveCfg = Release|Any CPU
		{CAFEA596-CEB4-4CDF-93D8-C7A604808326}.Release|Any CPU.Build.0 = Release|Any CPU
	EndGlobalSection
	GlobalSection(SolutionProperties) = preSolution
		HideSolutionNode = FALSE
	EndGlobalSection
	GlobalSection(ExtensibilityGlobals) = postSolution
		SolutionGuid = {13CD930E-32B6-441D-9297-4B4667720D06}
	EndGlobalSection
EndGlobal
